// !$*UTF8*$!
{
	archiveVersion = 1;
	classes = {
	};
	objectVersion = 46;
	objects = {

/* Begin PBXBuildFile section */
		C326EFB11E41AA6C008C88E7 /* AppDelegate.swift in Sources */ = {isa = PBXBuildFile; fileRef = C326EFB01E41AA6C008C88E7 /* AppDelegate.swift */; };
		C326EFB31E41AA6C008C88E7 /* ViewController.swift in Sources */ = {isa = PBXBuildFile; fileRef = C326EFB21E41AA6C008C88E7 /* ViewController.swift */; };
		C326EFB61E41AA6C008C88E7 /* Main.storyboard in Resources */ = {isa = PBXBuildFile; fileRef = C326EFB41E41AA6C008C88E7 /* Main.storyboard */; };
		C326EFB81E41AA6C008C88E7 /* Assets.xcassets in Resources */ = {isa = PBXBuildFile; fileRef = C326EFB71E41AA6C008C88E7 /* Assets.xcassets */; };
		C326EFBB1E41AA6C008C88E7 /* LaunchScreen.storyboard in Resources */ = {isa = PBXBuildFile; fileRef = C326EFB91E41AA6C008C88E7 /* LaunchScreen.storyboard */; };
		C326EFC61E41AA6C008C88E7 /* MySoundsUITests.swift in Sources */ = {isa = PBXBuildFile; fileRef = C326EFC51E41AA6C008C88E7 /* MySoundsUITests.swift */; };
		C326EFD51E41B722008C88E7 /* RecordViewController.swift in Sources */ = {isa = PBXBuildFile; fileRef = C326EFD41E41B722008C88E7 /* RecordViewController.swift */; };
		C326EFD71E41C1CE008C88E7 /* RecordCell.swift in Sources */ = {isa = PBXBuildFile; fileRef = C326EFD61E41C1CE008C88E7 /* RecordCell.swift */; };
		CC1D4ED064DD34B6699625CA /* Pods_MySounds.framework in Frameworks */ = {isa = PBXBuildFile; fileRef = 19ED10B83A36072D8FB90F35 /* Pods_MySounds.framework */; };
		FB1D8DF33D54F7B42F4034B9 /* Pods_MySoundsUITests.framework in Frameworks */ = {isa = PBXBuildFile; fileRef = 9A49577F735207932ADD67D2 /* Pods_MySoundsUITests.framework */; };
/* End PBXBuildFile section */

/* Begin PBXContainerItemProxy section */
		C326EFC21E41AA6C008C88E7 /* PBXContainerItemProxy */ = {
			isa = PBXContainerItemProxy;
			containerPortal = C326EFA51E41AA6C008C88E7 /* Project object */;
			proxyType = 1;
			remoteGlobalIDString = C326EFAC1E41AA6C008C88E7;
			remoteInfo = MySounds;
		};
/* End PBXContainerItemProxy section */

/* Begin PBXFileReference section */
		19ED10B83A36072D8FB90F35 /* Pods_MySounds.framework */ = {isa = PBXFileReference; explicitFileType = wrapper.framework; includeInIndex = 0; path = Pods_MySounds.framework; sourceTree = BUILT_PRODUCTS_DIR; };
		6E38DE9A8535AA28227C6656 /* Pods-MySounds.debug.xcconfig */ = {isa = PBXFileReference; includeInIndex = 1; lastKnownFileType = text.xcconfig; name = "Pods-MySounds.debug.xcconfig"; path = "Pods/Target Support Files/Pods-MySounds/Pods-MySounds.debug.xcconfig"; sourceTree = "<group>"; };
		9A49577F735207932ADD67D2 /* Pods_MySoundsUITests.framework */ = {isa = PBXFileReference; explicitFileType = wrapper.framework; includeInIndex = 0; path = Pods_MySoundsUITests.framework; sourceTree = BUILT_PRODUCTS_DIR; };
		9CEBFA0D01A1ED2CF9B0E9E3 /* Pods-MySounds.release.xcconfig */ = {isa = PBXFileReference; includeInIndex = 1; lastKnownFileType = text.xcconfig; name = "Pods-MySounds.release.xcconfig"; path = "Pods/Target Support Files/Pods-MySounds/Pods-MySounds.release.xcconfig"; sourceTree = "<group>"; };
		C326EFAD1E41AA6C008C88E7 /* MySounds.app */ = {isa = PBXFileReference; explicitFileType = wrapper.application; includeInIndex = 0; path = MySounds.app; sourceTree = BUILT_PRODUCTS_DIR; };
		C326EFB01E41AA6C008C88E7 /* AppDelegate.swift */ = {isa = PBXFileReference; lastKnownFileType = sourcecode.swift; path = AppDelegate.swift; sourceTree = "<group>"; };
		C326EFB21E41AA6C008C88E7 /* ViewController.swift */ = {isa = PBXFileReference; lastKnownFileType = sourcecode.swift; path = ViewController.swift; sourceTree = "<group>"; };
		C326EFB51E41AA6C008C88E7 /* Base */ = {isa = PBXFileReference; lastKnownFileType = file.storyboard; name = Base; path = Base.lproj/Main.storyboard; sourceTree = "<group>"; };
		C326EFB71E41AA6C008C88E7 /* Assets.xcassets */ = {isa = PBXFileReference; lastKnownFileType = folder.assetcatalog; path = Assets.xcassets; sourceTree = "<group>"; };
		C326EFBA1E41AA6C008C88E7 /* Base */ = {isa = PBXFileReference; lastKnownFileType = file.storyboard; name = Base; path = Base.lproj/LaunchScreen.storyboard; sourceTree = "<group>"; };
		C326EFBC1E41AA6C008C88E7 /* Info.plist */ = {isa = PBXFileReference; lastKnownFileType = text.plist.xml; path = Info.plist; sourceTree = "<group>"; };
		C326EFC11E41AA6C008C88E7 /* MySoundsUITests.xctest */ = {isa = PBXFileReference; explicitFileType = wrapper.cfbundle; includeInIndex = 0; path = MySoundsUITests.xctest; sourceTree = BUILT_PRODUCTS_DIR; };
		C326EFC51E41AA6C008C88E7 /* MySoundsUITests.swift */ = {isa = PBXFileReference; lastKnownFileType = sourcecode.swift; path = MySoundsUITests.swift; sourceTree = "<group>"; };
		C326EFC71E41AA6C008C88E7 /* Info.plist */ = {isa = PBXFileReference; lastKnownFileType = text.plist.xml; path = Info.plist; sourceTree = "<group>"; };
		C326EFD41E41B722008C88E7 /* RecordViewController.swift */ = {isa = PBXFileReference; fileEncoding = 4; lastKnownFileType = sourcecode.swift; path = RecordViewController.swift; sourceTree = "<group>"; };
		C326EFD61E41C1CE008C88E7 /* RecordCell.swift */ = {isa = PBXFileReference; fileEncoding = 4; lastKnownFileType = sourcecode.swift; path = RecordCell.swift; sourceTree = "<group>"; };
		D4269B408A41B365A3B1F552 /* Pods-MySoundsUITests.debug.xcconfig */ = {isa = PBXFileReference; includeInIndex = 1; lastKnownFileType = text.xcconfig; name = "Pods-MySoundsUITests.debug.xcconfig"; path = "Pods/Target Support Files/Pods-MySoundsUITests/Pods-MySoundsUITests.debug.xcconfig"; sourceTree = "<group>"; };
		E40D826109EBD1A21E7DE177 /* Pods-MySoundsUITests.release.xcconfig */ = {isa = PBXFileReference; includeInIndex = 1; lastKnownFileType = text.xcconfig; name = "Pods-MySoundsUITests.release.xcconfig"; path = "Pods/Target Support Files/Pods-MySoundsUITests/Pods-MySoundsUITests.release.xcconfig"; sourceTree = "<group>"; };
/* End PBXFileReference section */

/* Begin PBXFrameworksBuildPhase section */
		C326EFAA1E41AA6C008C88E7 /* Frameworks */ = {
			isa = PBXFrameworksBuildPhase;
			buildActionMask = 2147483647;
			files = (
				CC1D4ED064DD34B6699625CA /* Pods_MySounds.framework in Frameworks */,
			);
			runOnlyForDeploymentPostprocessing = 0;
		};
		C326EFBE1E41AA6C008C88E7 /* Frameworks */ = {
			isa = PBXFrameworksBuildPhase;
			buildActionMask = 2147483647;
			files = (
				FB1D8DF33D54F7B42F4034B9 /* Pods_MySoundsUITests.framework in Frameworks */,
			);
			runOnlyForDeploymentPostprocessing = 0;
		};
/* End PBXFrameworksBuildPhase section */

/* Begin PBXGroup section */
		24720CF852514ECE7263448B /* Frameworks */ = {
			isa = PBXGroup;
			children = (
				19ED10B83A36072D8FB90F35 /* Pods_MySounds.framework */,
				9A49577F735207932ADD67D2 /* Pods_MySoundsUITests.framework */,
			);
			name = Frameworks;
			sourceTree = "<group>";
		};
		6FB68DBBC8786A2183B2B465 /* Pods */ = {
			isa = PBXGroup;
			children = (
				6E38DE9A8535AA28227C6656 /* Pods-MySounds.debug.xcconfig */,
				9CEBFA0D01A1ED2CF9B0E9E3 /* Pods-MySounds.release.xcconfig */,
				D4269B408A41B365A3B1F552 /* Pods-MySoundsUITests.debug.xcconfig */,
				E40D826109EBD1A21E7DE177 /* Pods-MySoundsUITests.release.xcconfig */,
			);
			name = Pods;
			sourceTree = "<group>";
		};
		C326EFA41E41AA6C008C88E7 = {
			isa = PBXGroup;
			children = (
				C326EFAF1E41AA6C008C88E7 /* MySounds */,
				C326EFC41E41AA6C008C88E7 /* MySoundsUITests */,
				C326EFAE1E41AA6C008C88E7 /* Products */,
				6FB68DBBC8786A2183B2B465 /* Pods */,
				24720CF852514ECE7263448B /* Frameworks */,
			);
			sourceTree = "<group>";
		};
		C326EFAE1E41AA6C008C88E7 /* Products */ = {
			isa = PBXGroup;
			children = (
				C326EFAD1E41AA6C008C88E7 /* MySounds.app */,
				C326EFC11E41AA6C008C88E7 /* MySoundsUITests.xctest */,
			);
			name = Products;
			sourceTree = "<group>";
		};
		C326EFAF1E41AA6C008C88E7 /* MySounds */ = {
			isa = PBXGroup;
			children = (
				C326EFD31E41B235008C88E7 /* Supporting Files */,
				C326EFD21E41B22E008C88E7 /* Controllers */,
				C326EFD11E41B227008C88E7 /* Views */,
				C326EFD01E41B21F008C88E7 /* Models */,
			);
			path = MySounds;
			sourceTree = "<group>";
		};
		C326EFC41E41AA6C008C88E7 /* MySoundsUITests */ = {
			isa = PBXGroup;
			children = (
				C326EFC51E41AA6C008C88E7 /* MySoundsUITests.swift */,
				C326EFC71E41AA6C008C88E7 /* Info.plist */,
			);
			path = MySoundsUITests;
			sourceTree = "<group>";
		};
		C326EFD01E41B21F008C88E7 /* Models */ = {
			isa = PBXGroup;
			children = (
			);
			name = Models;
			sourceTree = "<group>";
		};
		C326EFD11E41B227008C88E7 /* Views */ = {
			isa = PBXGroup;
			children = (
				C326EFB41E41AA6C008C88E7 /* Main.storyboard */,
				C326EFB71E41AA6C008C88E7 /* Assets.xcassets */,
				C326EFB91E41AA6C008C88E7 /* LaunchScreen.storyboard */,
			);
			name = Views;
			sourceTree = "<group>";
		};
		C326EFD21E41B22E008C88E7 /* Controllers */ = {
			isa = PBXGroup;
			children = (
				C326EFB21E41AA6C008C88E7 /* ViewController.swift */,
				C326EFB01E41AA6C008C88E7 /* AppDelegate.swift */,
				C326EFD41E41B722008C88E7 /* RecordViewController.swift */,
				C326EFD61E41C1CE008C88E7 /* RecordCell.swift */,
			);
			name = Controllers;
			sourceTree = "<group>";
		};
		C326EFD31E41B235008C88E7 /* Supporting Files */ = {
			isa = PBXGroup;
			children = (
				C326EFBC1E41AA6C008C88E7 /* Info.plist */,
			);
			name = "Supporting Files";
			sourceTree = "<group>";
		};
/* End PBXGroup section */

/* Begin PBXNativeTarget section */
		C326EFAC1E41AA6C008C88E7 /* MySounds */ = {
			isa = PBXNativeTarget;
			buildConfigurationList = C326EFCA1E41AA6C008C88E7 /* Build configuration list for PBXNativeTarget "MySounds" */;
			buildPhases = (
				9D178C5C1351EA3B0F1A26DC /* [CP] Check Pods Manifest.lock */,
				C326EFA91E41AA6C008C88E7 /* Sources */,
				C326EFAA1E41AA6C008C88E7 /* Frameworks */,
				C326EFAB1E41AA6C008C88E7 /* Resources */,
				5D983F7615231A22BF0083AE /* [CP] Embed Pods Frameworks */,
				8DE5AC55CFC23CD6275F860C /* [CP] Copy Pods Resources */,
			);
			buildRules = (
			);
			dependencies = (
			);
			name = MySounds;
			productName = MySounds;
			productReference = C326EFAD1E41AA6C008C88E7 /* MySounds.app */;
			productType = "com.apple.product-type.application";
		};
		C326EFC01E41AA6C008C88E7 /* MySoundsUITests */ = {
			isa = PBXNativeTarget;
			buildConfigurationList = C326EFCD1E41AA6C008C88E7 /* Build configuration list for PBXNativeTarget "MySoundsUITests" */;
			buildPhases = (
				7B31D3D59E8E5242C6B75D20 /* [CP] Check Pods Manifest.lock */,
				C326EFBD1E41AA6C008C88E7 /* Sources */,
				C326EFBE1E41AA6C008C88E7 /* Frameworks */,
				C326EFBF1E41AA6C008C88E7 /* Resources */,
				2A66815D660E1EA457D96559 /* [CP] Embed Pods Frameworks */,
				CBBDB8310CD59F1358029783 /* [CP] Copy Pods Resources */,
			);
			buildRules = (
			);
			dependencies = (
				C326EFC31E41AA6C008C88E7 /* PBXTargetDependency */,
			);
			name = MySoundsUITests;
			productName = MySoundsUITests;
			productReference = C326EFC11E41AA6C008C88E7 /* MySoundsUITests.xctest */;
			productType = "com.apple.product-type.bundle.ui-testing";
		};
/* End PBXNativeTarget section */

/* Begin PBXProject section */
		C326EFA51E41AA6C008C88E7 /* Project object */ = {
			isa = PBXProject;
			attributes = {
				LastSwiftUpdateCheck = 0820;
				LastUpgradeCheck = 0820;
				ORGANIZATIONNAME = "Jon Vogel";
				TargetAttributes = {
					C326EFAC1E41AA6C008C88E7 = {
						CreatedOnToolsVersion = 8.2.1;
						DevelopmentTeam = WEZXTSQ23M;
						ProvisioningStyle = Automatic;
					};
					C326EFC01E41AA6C008C88E7 = {
						CreatedOnToolsVersion = 8.2.1;
						DevelopmentTeam = WEZXTSQ23M;
						ProvisioningStyle = Automatic;
						TestTargetID = C326EFAC1E41AA6C008C88E7;
					};
				};
			};
			buildConfigurationList = C326EFA81E41AA6C008C88E7 /* Build configuration list for PBXProject "MySounds" */;
			compatibilityVersion = "Xcode 3.2";
			developmentRegion = English;
			hasScannedForEncodings = 0;
			knownRegions = (
				en,
				Base,
			);
			mainGroup = C326EFA41E41AA6C008C88E7;
			productRefGroup = C326EFAE1E41AA6C008C88E7 /* Products */;
			projectDirPath = "";
			projectRoot = "";
			targets = (
				C326EFAC1E41AA6C008C88E7 /* MySounds */,
				C326EFC01E41AA6C008C88E7 /* MySoundsUITests */,
			);
		};
/* End PBXProject section */

/* Begin PBXResourcesBuildPhase section */
		C326EFAB1E41AA6C008C88E7 /* Resources */ = {
			isa = PBXResourcesBuildPhase;
			buildActionMask = 2147483647;
			files = (
				C326EFBB1E41AA6C008C88E7 /* LaunchScreen.storyboard in Resources */,
				C326EFB81E41AA6C008C88E7 /* Assets.xcassets in Resources */,
				C326EFB61E41AA6C008C88E7 /* Main.storyboard in Resources */,
			);
			runOnlyForDeploymentPostprocessing = 0;
		};
		C326EFBF1E41AA6C008C88E7 /* Resources */ = {
			isa = PBXResourcesBuildPhase;
			buildActionMask = 2147483647;
			files = (
			);
			runOnlyForDeploymentPostprocessing = 0;
		};
/* End PBXResourcesBuildPhase section */

/* Begin PBXShellScriptBuildPhase section */
		2A66815D660E1EA457D96559 /* [CP] Embed Pods Frameworks */ = {
			isa = PBXShellScriptBuildPhase;
			buildActionMask = 2147483647;
			files = (
			);
			inputPaths = (
			);
			name = "[CP] Embed Pods Frameworks";
			outputPaths = (
			);
			runOnlyForDeploymentPostprocessing = 0;
			shellPath = /bin/sh;
			shellScript = "\"${SRCROOT}/Pods/Target Support Files/Pods-MySoundsUITests/Pods-MySoundsUITests-frameworks.sh\"\n";
			showEnvVarsInLog = 0;
		};
		5D983F7615231A22BF0083AE /* [CP] Embed Pods Frameworks */ = {
			isa = PBXShellScriptBuildPhase;
			buildActionMask = 2147483647;
			files = (
			);
			inputPaths = (
			);
			name = "[CP] Embed Pods Frameworks";
			outputPaths = (
			);
			runOnlyForDeploymentPostprocessing = 0;
			shellPath = /bin/sh;
			shellScript = "\"${SRCROOT}/Pods/Target Support Files/Pods-MySounds/Pods-MySounds-frameworks.sh\"\n";
			showEnvVarsInLog = 0;
		};
		7B31D3D59E8E5242C6B75D20 /* [CP] Check Pods Manifest.lock */ = {
			isa = PBXShellScriptBuildPhase;
			buildActionMask = 2147483647;
			files = (
			);
			inputPaths = (
			);
			name = "[CP] Check Pods Manifest.lock";
			outputPaths = (
			);
			runOnlyForDeploymentPostprocessing = 0;
			shellPath = /bin/sh;
			shellScript = "diff \"${PODS_ROOT}/../Podfile.lock\" \"${PODS_ROOT}/Manifest.lock\" > /dev/null\nif [ $? != 0 ] ; then\n    # print error to STDERR\n    echo \"error: The sandbox is not in sync with the Podfile.lock. Run 'pod install' or update your CocoaPods installation.\" >&2\n    exit 1\nfi\n";
			showEnvVarsInLog = 0;
		};
		8DE5AC55CFC23CD6275F860C /* [CP] Copy Pods Resources */ = {
			isa = PBXShellScriptBuildPhase;
			buildActionMask = 2147483647;
			files = (
			);
			inputPaths = (
			);
			name = "[CP] Copy Pods Resources";
			outputPaths = (
			);
			runOnlyForDeploymentPostprocessing = 0;
			shellPath = /bin/sh;
			shellScript = "\"${SRCROOT}/Pods/Target Support Files/Pods-MySounds/Pods-MySounds-resources.sh\"\n";
			showEnvVarsInLog = 0;
		};
		9D178C5C1351EA3B0F1A26DC /* [CP] Check Pods Manifest.lock */ = {
			isa = PBXShellScriptBuildPhase;
			buildActionMask = 2147483647;
			files = (
			);
			inputPaths = (
			);
			name = "[CP] Check Pods Manifest.lock";
			outputPaths = (
			);
			runOnlyForDeploymentPostprocessing = 0;
			shellPath = /bin/sh;
			shellScript = "diff \"${PODS_ROOT}/../Podfile.lock\" \"${PODS_ROOT}/Manifest.lock\" > /dev/null\nif [ $? != 0 ] ; then\n    # print error to STDERR\n    echo \"error: The sandbox is not in sync with the Podfile.lock. Run 'pod install' or update your CocoaPods installation.\" >&2\n    exit 1\nfi\n";
			showEnvVarsInLog = 0;
		};
		CBBDB8310CD59F1358029783 /* [CP] Copy Pods Resources */ = {
			isa = PBXShellScriptBuildPhase;
			buildActionMask = 2147483647;
			files = (
			);
			inputPaths = (
			);
			name = "[CP] Copy Pods Resources";
			outputPaths = (
			);
			runOnlyForDeploymentPostprocessing = 0;
			shellPath = /bin/sh;
			shellScript = "\"${SRCROOT}/Pods/Target Support Files/Pods-MySoundsUITests/Pods-MySoundsUITests-resources.sh\"\n";
			showEnvVarsInLog = 0;
		};
/* End PBXShellScriptBuildPhase section */

/* Begin PBXSourcesBuildPhase section */
		C326EFA91E41AA6C008C88E7 /* Sources */ = {
			isa = PBXSourcesBuildPhase;
			buildActionMask = 2147483647;
			files = (
				C326EFD51E41B722008C88E7 /* RecordViewController.swift in Sources */,
				C326EFB31E41AA6C008C88E7 /* ViewController.swift in Sources */,
				C326EFD71E41C1CE008C88E7 /* RecordCell.swift in Sources */,
				C326EFB11E41AA6C008C88E7 /* AppDelegate.swift in Sources */,
			);
			runOnlyForDeploymentPostprocessing = 0;
		};
		C326EFBD1E41AA6C008C88E7 /* Sources */ = {
			isa = PBXSourcesBuildPhase;
			buildActionMask = 2147483647;
			files = (
				C326EFC61E41AA6C008C88E7 /* MySoundsUITests.swift in Sources */,
			);
			runOnlyForDeploymentPostprocessing = 0;
		};
/* End PBXSourcesBuildPhase section */

/* Begin PBXTargetDependency section */
		C326EFC31E41AA6C008C88E7 /* PBXTargetDependency */ = {
			isa = PBXTargetDependency;
			target = C326EFAC1E41AA6C008C88E7 /* MySounds */;
			targetProxy = C326EFC21E41AA6C008C88E7 /* PBXContainerItemProxy */;
		};
/* End PBXTargetDependency section */

/* Begin PBXVariantGroup section */
		C326EFB41E41AA6C008C88E7 /* Main.storyboard */ = {
			isa = PBXVariantGroup;
			children = (
				C326EFB51E41AA6C008C88E7 /* Base */,
			);
			name = Main.storyboard;
			sourceTree = "<group>";
		};
		C326EFB91E41AA6C008C88E7 /* LaunchScreen.storyboard */ = {
			isa = PBXVariantGroup;
			children = (
				C326EFBA1E41AA6C008C88E7 /* Base */,
			);
			name = LaunchScreen.storyboard;
			sourceTree = "<group>";
		};
/* End PBXVariantGroup section */

/* Begin XCBuildConfiguration section */
		C326EFC81E41AA6C008C88E7 /* Debug */ = {
			isa = XCBuildConfiguration;
			buildSettings = {
				ALWAYS_SEARCH_USER_PATHS = NO;
				CLANG_ANALYZER_NONNULL = YES;
				CLANG_CXX_LANGUAGE_STANDARD = "gnu++0x";
				CLANG_CXX_LIBRARY = "libc++";
				CLANG_ENABLE_MODULES = YES;
				CLANG_ENABLE_OBJC_ARC = YES;
				CLANG_WARN_BOOL_CONVERSION = YES;
				CLANG_WARN_CONSTANT_CONVERSION = YES;
				CLANG_WARN_DIRECT_OBJC_ISA_USAGE = YES_ERROR;
				CLANG_WARN_DOCUMENTATION_COMMENTS = YES;
				CLANG_WARN_EMPTY_BODY = YES;
				CLANG_WARN_ENUM_CONVERSION = YES;
				CLANG_WARN_INFINITE_RECURSION = YES;
				CLANG_WARN_INT_CONVERSION = YES;
				CLANG_WARN_OBJC_ROOT_CLASS = YES_ERROR;
				CLANG_WARN_SUSPICIOUS_MOVE = YES;
				CLANG_WARN_UNREACHABLE_CODE = YES;
				CLANG_WARN__DUPLICATE_METHOD_MATCH = YES;
				"CODE_SIGN_IDENTITY[sdk=iphoneos*]" = "iPhone Developer";
				COPY_PHASE_STRIP = NO;
				DEBUG_INFORMATION_FORMAT = dwarf;
				ENABLE_STRICT_OBJC_MSGSEND = YES;
				ENABLE_TESTABILITY = YES;
				GCC_C_LANGUAGE_STANDARD = gnu99;
				GCC_DYNAMIC_NO_PIC = NO;
				GCC_NO_COMMON_BLOCKS = YES;
				GCC_OPTIMIZATION_LEVEL = 0;
				GCC_PREPROCESSOR_DEFINITIONS = (
					"DEBUG=1",
					"$(inherited)",
				);
				GCC_WARN_64_TO_32_BIT_CONVERSION = YES;
				GCC_WARN_ABOUT_RETURN_TYPE = YES_ERROR;
				GCC_WARN_UNDECLARED_SELECTOR = YES;
				GCC_WARN_UNINITIALIZED_AUTOS = YES_AGGRESSIVE;
				GCC_WARN_UNUSED_FUNCTION = YES;
				GCC_WARN_UNUSED_VARIABLE = YES;
				IPHONEOS_DEPLOYMENT_TARGET = 10.2;
				MTL_ENABLE_DEBUG_INFO = YES;
				ONLY_ACTIVE_ARCH = YES;
				SDKROOT = iphoneos;
				SWIFT_ACTIVE_COMPILATION_CONDITIONS = DEBUG;
				SWIFT_OPTIMIZATION_LEVEL = "-Onone";
				TARGETED_DEVICE_FAMILY = "1,2";
			};
			name = Debug;
		};
		C326EFC91E41AA6C008C88E7 /* Release */ = {
			isa = XCBuildConfiguration;
			buildSettings = {
				ALWAYS_SEARCH_USER_PATHS = NO;
				CLANG_ANALYZER_NONNULL = YES;
				CLANG_CXX_LANGUAGE_STANDARD = "gnu++0x";
				CLANG_CXX_LIBRARY = "libc++";
				CLANG_ENABLE_MODULES = YES;
				CLANG_ENABLE_OBJC_ARC = YES;
				CLANG_WARN_BOOL_CONVERSION = YES;
				CLANG_WARN_CONSTANT_CONVERSION = YES;
				CLANG_WARN_DIRECT_OBJC_ISA_USAGE = YES_ERROR;
				CLANG_WARN_DOCUMENTATION_COMMENTS = YES;
				CLANG_WARN_EMPTY_BODY = YES;
				CLANG_WARN_ENUM_CONVERSION = YES;
				CLANG_WARN_INFINITE_RECURSION = YES;
				CLANG_WARN_INT_CONVERSION = YES;
				CLANG_WARN_OBJC_ROOT_CLASS = YES_ERROR;
				CLANG_WARN_SUSPICIOUS_MOVE = YES;
				CLANG_WARN_UNREACHABLE_CODE = YES;
				CLANG_WARN__DUPLICATE_METHOD_MATCH = YES;
				"CODE_SIGN_IDENTITY[sdk=iphoneos*]" = "iPhone Developer";
				COPY_PHASE_STRIP = NO;
				DEBUG_INFORMATION_FORMAT = "dwarf-with-dsym";
				ENABLE_NS_ASSERTIONS = NO;
				ENABLE_STRICT_OBJC_MSGSEND = YES;
				GCC_C_LANGUAGE_STANDARD = gnu99;
				GCC_NO_COMMON_BLOCKS = YES;
				GCC_WARN_64_TO_32_BIT_CONVERSION = YES;
				GCC_WARN_ABOUT_RETURN_TYPE = YES_ERROR;
				GCC_WARN_UNDECLARED_SELECTOR = YES;
				GCC_WARN_UNINITIALIZED_AUTOS = YES_AGGRESSIVE;
				GCC_WARN_UNUSED_FUNCTION = YES;
				GCC_WARN_UNUSED_VARIABLE = YES;
				IPHONEOS_DEPLOYMENT_TARGET = 10.2;
				MTL_ENABLE_DEBUG_INFO = NO;
				SDKROOT = iphoneos;
				SWIFT_OPTIMIZATION_LEVEL = "-Owholemodule";
				TARGETED_DEVICE_FAMILY = "1,2";
				VALIDATE_PRODUCT = YES;
			};
			name = Release;
		};
		C326EFCB1E41AA6C008C88E7 /* Debug */ = {
			isa = XCBuildConfiguration;
			baseConfigurationReference = 6E38DE9A8535AA28227C6656 /* Pods-MySounds.debug.xcconfig */;
			buildSettings = {
				ASSETCATALOG_COMPILER_APPICON_NAME = AppIcon;
				DEVELOPMENT_TEAM = WEZXTSQ23M;
				INFOPLIST_FILE = MySounds/Info.plist;
				LD_RUNPATH_SEARCH_PATHS = "$(inherited) @executable_path/Frameworks";
				PRODUCT_BUNDLE_IDENTIFIER = jonVogel.MySounds;
				PRODUCT_NAME = "$(TARGET_NAME)";
				SWIFT_VERSION = 3.0;
			};
			name = Debug;
		};
		C326EFCC1E41AA6C008C88E7 /* Release */ = {
			isa = XCBuildConfiguration;
			baseConfigurationReference = 9CEBFA0D01A1ED2CF9B0E9E3 /* Pods-MySounds.release.xcconfig */;
			buildSettings = {
				ASSETCATALOG_COMPILER_APPICON_NAME = AppIcon;
				DEVELOPMENT_TEAM = WEZXTSQ23M;
				INFOPLIST_FILE = MySounds/Info.plist;
				LD_RUNPATH_SEARCH_PATHS = "$(inherited) @executable_path/Frameworks";
				PRODUCT_BUNDLE_IDENTIFIER = jonVogel.MySounds;
				PRODUCT_NAME = "$(TARGET_NAME)";
				SWIFT_VERSION = 3.0;
			};
			name = Release;
		};
		C326EFCE1E41AA6C008C88E7 /* Debug */ = {
			isa = XCBuildConfiguration;
			baseConfigurationReference = D4269B408A41B365A3B1F552 /* Pods-MySoundsUITests.debug.xcconfig */;
			buildSettings = {
				ALWAYS_EMBED_SWIFT_STANDARD_LIBRARIES = YES;
				DEVELOPMENT_TEAM = WEZXTSQ23M;
				INFOPLIST_FILE = MySoundsUITests/Info.plist;
				LD_RUNPATH_SEARCH_PATHS = "$(inherited) @executable_path/Frameworks @loader_path/Frameworks";
				PRODUCT_BUNDLE_IDENTIFIER = jonVogel.MySoundsUITests;
				PRODUCT_NAME = "$(TARGET_NAME)";
				SWIFT_VERSION = 3.0;
				TEST_TARGET_NAME = MySounds;
			};
			name = Debug;
		};
		C326EFCF1E41AA6C008C88E7 /* Release */ = {
			isa = XCBuildConfiguration;
			baseConfigurationReference = E40D826109EBD1A21E7DE177 /* Pods-MySoundsUITests.release.xcconfig */;
			buildSettings = {
				ALWAYS_EMBED_SWIFT_STANDARD_LIBRARIES = YES;
				DEVELOPMENT_TEAM = WEZXTSQ23M;
				INFOPLIST_FILE = MySoundsUITests/Info.plist;
				LD_RUNPATH_SEARCH_PATHS = "$(inherited) @executable_path/Frameworks @loader_path/Frameworks";
				PRODUCT_BUNDLE_IDENTIFIER = jonVogel.MySoundsUITests;
				PRODUCT_NAME = "$(TARGET_NAME)";
				SWIFT_VERSION = 3.0;
				TEST_TARGET_NAME = MySounds;
			};
			name = Release;
		};
/* End XCBuildConfiguration section */

/* Begin XCConfigurationList section */
		C326EFA81E41AA6C008C88E7 /* Build configuration list for PBXProject "MySounds" */ = {
			isa = XCConfigurationList;
			buildConfigurations = (
				C326EFC81E41AA6C008C88E7 /* Debug */,
				C326EFC91E41AA6C008C88E7 /* Release */,
			);
			defaultConfigurationIsVisible = 0;
			defaultConfigurationName = Release;
		};
		C326EFCA1E41AA6C008C88E7 /* Build configuration list for PBXNativeTarget "MySounds" */ = {
			isa = XCConfigurationList;
			buildConfigurations = (
				C326EFCB1E41AA6C008C88E7 /* Debug */,
				C326EFCC1E41AA6C008C88E7 /* Release */,
			);
			defaultConfigurationIsVisible = 0;
			defaultConfigurationName = Release;
		};
		C326EFCD1E41AA6C008C88E7 /* Build configuration list for PBXNativeTarget "MySoundsUITests" */ = {
			isa = XCConfigurationList;
			buildConfigurations = (
				C326EFCE1E41AA6C008C88E7 /* Debug */,
				C326EFCF1E41AA6C008C88E7 /* Release */,
			);
			defaultConfigurationIsVisible = 0;
			defaultConfigurationName = Release;
		};
/* End XCConfigurationList section */
	};
	rootObject = C326EFA51E41AA6C008C88E7 /* Project object */;
}
